
Microsoft Visual Studio Solution File, Format Version 12.00
# Visual Studio Version 16
VisualStudioVersion = 16.0.31624.102
MinimumVisualStudioVersion = 10.0.40219.1
Project("{9A19103F-16F7-4668-BE54-9A1E7A4F7556}") = "Band.Data", "Band.Data\Band.Data.csproj", "{6A6B5FAC-DCF3-4DF5-BFDF-3B02E8325DAE}"
EndProject
Project("{9A19103F-16F7-4668-BE54-9A1E7A4F7556}") = "Band.Api", "Band.Api\Band.Api.csproj", "{D6221B31-6693-4AF0-A3C3-5164AF32FB5A}"
EndProject
Project("{9A19103F-16F7-4668-BE54-9A1E7A4F7556}") = "Band.ViewModels", "Band.ViewModels\Band.ViewModels.csproj", "{90EDB278-F165-4A8A-A227-143EEBA6ECAA}"
EndProject
Project("{9A19103F-16F7-4668-BE54-9A1E7A4F7556}") = "Band.ManageApp", "Band.ManageApp\Band.ManageApp.csproj", "{5016A259-55BE-4473-8D87-FF17593909AA}"
EndProject
Project("{9A19103F-16F7-4668-BE54-9A1E7A4F7556}") = "Bank.Api", "Bank.Api\Bank.Api.csproj", "{0668DC4B-F039-4FF5-A97E-1385B35C6659}"
EndProject
Global
	GlobalSection(SolutionConfigurationPlatforms) = preSolution
		Debug|Any CPU = Debug|Any CPU
		Release|Any CPU = Release|Any CPU
	EndGlobalSection
	GlobalSection(ProjectConfigurationPlatforms) = postSolution
		{6A6B5FAC-DCF3-4DF5-BFDF-3B02E8325DAE}.Debug|Any CPU.ActiveCfg = Debug|Any CPU
		{6A6B5FAC-DCF3-4DF5-BFDF-3B02E8325DAE}.Debug|Any CPU.Build.0 = Debug|Any CPU
		{6A6B5FAC-DCF3-4DF5-BFDF-3B02E8325DAE}.Release|Any CPU.ActiveCfg = Release|Any CPU
		{6A6B5FAC-DCF3-4DF5-BFDF-3B02E8325DAE}.Release|Any CPU.Build.0 = Release|Any CPU
		{D6221B31-6693-4AF0-A3C3-5164AF32FB5A}.Debug|Any CPU.ActiveCfg = Debug|Any CPU
		{D6221B31-6693-4AF0-A3C3-5164AF32FB5A}.Debug|Any CPU.Build.0 = Debug|Any CPU
		{D6221B31-6693-4AF0-A3C3-5164AF32FB5A}.Release|Any CPU.ActiveCfg = Release|Any CPU
		{D6221B31-6693-4AF0-A3C3-5164AF32FB5A}.Release|Any CPU.Build.0 = Release|Any CPU
		{90EDB278-F165-4A8A-A227-143EEBA6ECAA}.Debug|Any CPU.ActiveCfg = Debug|Any CPU
		{90EDB278-F165-4A8A-A227-143EEBA6ECAA}.Debug|Any CPU.Build.0 = Debug|Any CPU
		{90EDB278-F165-4A8A-A227-143EEBA6ECAA}.Release|Any CPU.ActiveCfg = Release|Any CPU
		{90EDB278-F165-4A8A-A227-143EEBA6ECAA}.Release|Any CPU.Build.0 = Release|Any CPU
		{5016A259-55BE-4473-8D87-FF17593909AA}.Debug|Any CPU.ActiveCfg = Debug|Any CPU
		{5016A259-55BE-4473-8D87-FF17593909AA}.Debug|Any CPU.Build.0 = Debug|Any CPU
		{5016A259-55BE-4473-8D87-FF17593909AA}.Release|Any CPU.ActiveCfg = Release|Any CPU
		{5016A259-55BE-4473-8D87-FF17593909AA}.Release|Any CPU.Build.0 = Release|Any CPU
		{0668DC4B-F039-4FF5-A97E-1385B35C6659}.Debug|Any CPU.ActiveCfg = Debug|Any CPU
		{0668DC4B-F039-4FF5-A97E-1385B35C6659}.Debug|Any CPU.Build.0 = Debug|Any CPU
		{0668DC4B-F039-4FF5-A97E-1385B35C6659}.Release|Any CPU.ActiveCfg = Release|Any CPU
		{0668DC4B-F039-4FF5-A97E-1385B35C6659}.Release|Any CPU.Build.0 = Release|Any CPU
	EndGlobalSection
	GlobalSection(SolutionProperties) = preSolution
		HideSolutionNode = FALSE
	EndGlobalSection
	GlobalSection(ExtensibilityGlobals) = postSolution
		SolutionGuid = {79413BEE-7BF2-403E-BD54-7AD84044A0B7}
	EndGlobalSection
EndGlobal
